// !$*UTF8*$!
{
	archiveVersion = 1;
	classes = {
	};
	objectVersion = 77;
	objects = {

/* Begin PBXContainerItemProxy section */
		E0DA7C1F30066CEF00F6F8A6 /* PBXContainerItemProxy */ = {
			isa = PBXContainerItemProxy;
			containerPortal = E0DA7C0930066CED00F6F8A6 /* Project object */;
			proxyType = 1;
			remoteGlobalIDString = E0DA7C1030066CED00F6F8A6;
			remoteInfo = CICDPipelinePOC;
		};
		E0DA7C2930066CEF00F6F8A6 /* PBXContainerItemProxy */ = {
			isa = PBXContainerItemProxy;
			containerPortal = E0DA7C0930066CED00F6F8A6 /* Project object */;
			proxyType = 1;
			remoteGlobalIDString = E0DA7C1030066CED00F6F8A6;
			remoteInfo = CICDPipelinePOC;
		};
/* End PBXContainerItemProxy section */

/* Begin PBXFileReference section */
		E0DA7C1130066CED00F6F8A6 /* CICDPipelinePOC.app */ = {isa = PBXFileReference; explicitFileType = wrapper.application; includeInIndex = 0; path = CICDPipelinePOC.app; sourceTree = BUILT_PRODUCTS_DIR; };
		E0DA7C1E30066CEF00F6F8A6 /* CICDPipelinePOCTests.xctest */ = {isa = PBXFileReference; explicitFileType = wrapper.cfbundle; includeInIndex = 0; path = CICDPipelinePOCTests.xctest; sourceTree = BUILT_PRODUCTS_DIR; };
		E0DA7C2830066CEF00F6F8A6 /* CICDPipelinePOCUITests.xctest */ = {isa = PBXFileReference; explicitFileType = wrapper.cfbundle; includeInIndex = 0; path = CICDPipelinePOCUITests.xctest; sourceTree = BUILT_PRODUCTS_DIR; };
/* End PBXFileReference section */

/* Begin PBXFileSystemSynchronizedRootGroup section */
		E0DA7C1330066CED00F6F8A6 /* CICDPipelinePOC */ = {
			isa = PBXFileSystemSynchronizedRootGroup;
			path = CICDPipelinePOC;
			sourceTree = "<group>";
		};
		E0DA7C2130066CEF00F6F8A6 /* CICDPipelinePOCTests */ = {
			isa = PBXFileSystemSynchronizedRootGroup;
			path = CICDPipelinePOCTests;
			sourceTree = "<group>";
		};
		E0DA7C2B30066CEF00F6F8A6 /* CICDPipelinePOCUITests */ = {
			isa = PBXFileSystemSynchronizedRootGroup;
			path = CICDPipelinePOCUITests;
			sourceTree = "<group>";
		};
/* End PBXFileSystemSynchronizedRootGroup section */

/* Begin PBXFrameworksBuildPhase section */
		E0DA7C0E30066CED00F6F8A6 /* Frameworks */ = {
			isa = PBXFrameworksBuildPhase;
			buildActionMask = 2147483647;
			files = (
			);
			runOnlyForDeploymentPostprocessing = 0;
		};
		E0DA7C1B30066CEF00F6F8A6 /* Frameworks */ = {
			isa = PBXFrameworksBuildPhase;
			buildActionMask = 2147483647;
			files = (
			);
			runOnlyForDeploymentPostprocessing = 0;
		};
		E0DA7C2530066CEF00F6F8A6 /* Frameworks */ = {
			isa = PBXFrameworksBuildPhase;
			buildActionMask = 2147483647;
			files = (
			);
			runOnlyForDeploymentPostprocessing = 0;
		};
/* End PBXFrameworksBuildPhase section */

/* Begin PBXGroup section */
		E0DA7C0830066CED00F6F8A6 = {
			isa = PBXGroup;
			children = (
				E0DA7C1330066CED00F6F8A6 /* CICDPipelinePOC */,
				E0DA7C2130066CEF00F6F8A6 /* CICDPipelinePOCTests */,
				E0DA7C2B30066CEF00F6F8A6 /* CICDPipelinePOCUITests */,
				E0DA7C1230066CED00F6F8A6 /* Products */,
			);
			sourceTree = "<group>";
		};
		E0DA7C1230066CED00F6F8A6 /* Products */ = {
			isa = PBXGroup;
			children = (
				E0DA7C1130066CED00F6F8A6 /* CICDPipelinePOC.app */,
				E0DA7C1E30066CEF00F6F8A6 /* CICDPipelinePOCTests.xctest */,
				E0DA7C2830066CEF00F6F8A6 /* CICDPipelinePOCUITests.xctest */,
			);
			name = Products;
			sourceTree = "<group>";
		};
/* End PBXGroup section */

/* Begin PBXNativeTarget section */
		E0DA7C1030066CED00F6F8A6 /* CICDPipelinePOC */ = {
			isa = PBXNativeTarget;
			buildConfigurationList = E0DA7C3230066CEF00F6F8A6 /* Build configuration list for PBXNativeTarget "CICDPipelinePOC" */;
			buildPhases = (
				E0DA7C0D30066CED00F6F8A6 /* Sources */,
				E0DA7C0E30066CED00F6F8A6 /* Frameworks */,
				E0DA7C0F30066CED00F6F8A6 /* Resources */,
			);
			buildRules = (
			);
			dependencies = (
			);
			fileSystemSynchronizedGroups = (
				E0DA7C1330066CED00F6F8A6 /* CICDPipelinePOC */,
			);
			name = CICDPipelinePOC;
			packageProductDependencies = (
			);
			productName = CICDPipelinePOC;
			productReference = E0DA7C1130066CED00F6F8A6 /* CICDPipelinePOC.app */;
			productType = "com.apple.product-type.application";
		};
		E0DA7C1D30066CEF00F6F8A6 /* CICDPipelinePOCTests */ = {
			isa = PBXNativeTarget;
			buildConfigurationList = E0DA7C3530066CEF00F6F8A6 /* Build configuration list for PBXNativeTarget "CICDPipelinePOCTests" */;
			buildPhases = (
				E0DA7C1A30066CEF00F6F8A6 /* Sources */,
				E0DA7C1B30066CEF00F6F8A6 /* Frameworks */,
				E0DA7C1C30066CEF00F6F8A6 /* Resources */,
			);
			buildRules = (
			);
			dependencies = (
				E0DA7C2030066CEF00F6F8A6 /* PBXTargetDependency */,
			);
			fileSystemSynchronizedGroups = (
				E0DA7C2130066CEF00F6F8A6 /* CICDPipelinePOCTests */,
			);
			name = CICDPipelinePOCTests;
			packageProductDependencies = (
			);
			productName = CICDPipelinePOCTests;
			productReference = E0DA7C1E30066CEF00F6F8A6 /* CICDPipelinePOCTests.xctest */;
			productType = "com.apple.product-type.bundle.unit-test";
		};
		E0DA7C2730066CEF00F6F8A6 /* CICDPipelinePOCUITests */ = {
			isa = PBXNativeTarget;
			buildConfigurationList = E0DA7C3830066CEF00F6F8A6 /* Build configuration list for PBXNativeTarget "CICDPipelinePOCUITests" */;
			buildPhases = (
				E0DA7C2430066CEF00F6F8A6 /* Sources */,
				E0DA7C2530066CEF00F6F8A6 /* Frameworks */,
				E0DA7C2630066CEF00F6F8A6 /* Resources */,
			);
			buildRules = (
			);
			dependencies = (
				E0DA7C2A30066CEF00F6F8A6 /* PBXTargetDependency */,
			);
			fileSystemSynchronizedGroups = (
				E0DA7C2B30066CEF00F6F8A6 /* CICDPipelinePOCUITests */,
			);
			name = CICDPipelinePOCUITests;
			packageProductDependencies = (
			);
			productName = CICDPipelinePOCUITests;
			productReference = E0DA7C2830066CEF00F6F8A6 /* CICDPipelinePOCUITests.xctest */;
			productType = "com.apple.product-type.bundle.ui-testing";
		};
/* End PBXNativeTarget section */

/* Begin PBXProject section */
		E0DA7C0930066CED00F6F8A6 /* Project object */ = {
			isa = PBXProject;
			attributes = {
				BuildIndependentTargetsInParallel = 1;
				LastSwiftUpdateCheck = 2660;
				LastUpgradeCheck = 2660;
				TargetAttributes = {
					E0DA7C1030066CED00F6F8A6 = {
						CreatedOnToolsVersion = 26.6;
					};
					E0DA7C1D30066CEF00F6F8A6 = {
						CreatedOnToolsVersion = 26.6;
						TestTargetID = E0DA7C1030066CED00F6F8A6;
					};
					E0DA7C2730066CEF00F6F8A6 = {
						CreatedOnToolsVersion = 26.6;
						TestTargetID = E0DA7C1030066CED00F6F8A6;
					};
				};
			};
			buildConfigurationList = E0DA7C0C30066CED00F6F8A6 /* Build configuration list for PBXProject "CICDPipelinePOC" */;
			developmentRegion = en;
			hasScannedForEncodings = 0;
			knownRegions = (
				en,
				Base,
			);
			mainGroup = E0DA7C0830066CED00F6F8A6;
			minimizedProjectReferenceProxies = 1;
			preferredProjectObjectVersion = 77;
			productRefGroup = E0DA7C1230066CED00F6F8A6 /* Products */;
			projectDirPath = "";
			projectRoot = "";
			targets = (
				E0DA7C1030066CED00F6F8A6 /* CICDPipelinePOC */,
				E0DA7C1D30066CEF00F6F8A6 /* CICDPipelinePOCTests */,
				E0DA7C2730066CEF00F6F8A6 /* CICDPipelinePOCUITests */,
			);
		};
/* End PBXProject section */

/* Begin PBXResourcesBuildPhase section */
		E0DA7C0F30066CED00F6F8A6 /* Resources */ = {
			isa = PBXResourcesBuildPhase;
			buildActionMask = 2147483647;
			files = (
			);
			runOnlyForDeploymentPostprocessing = 0;
		};
		E0DA7C1C30066CEF00F6F8A6 /* Resources */ = {
			isa = PBXResourcesBuildPhase;
			buildActionMask = 2147483647;
			files = (
			);
			runOnlyForDeploymentPostprocessing = 0;
		};
		E0DA7C2630066CEF00F6F8A6 /* Resources */ = {
			isa = PBXResourcesBuildPhase;
			buildActionMask = 2147483647;
			files = (
			);
			runOnlyForDeploymentPostprocessing = 0;
		};
/* End PBXResourcesBuildPhase section */

/* Begin PBXSourcesBuildPhase section */
		E0DA7C0D30066CED00F6F8A6 /* Sources */ = {
			isa = PBXSourcesBuildPhase;
			buildActionMask = 2147483647;
			files = (
			);
			runOnlyForDeploymentPostprocessing = 0;
		};
		E0DA7C1A30066CEF00F6F8A6 /* Sources */ = {
			isa = PBXSourcesBuildPhase;
			buildActionMask = 2147483647;
			files = (
			);
			runOnlyForDeploymentPostprocessing = 0;
		};
		E0DA7C2430066CEF00F6F8A6 /* Sources */ = {
			isa = PBXSourcesBuildPhase;
			buildActionMask = 2147483647;
			files = (
			);
			runOnlyForDeploymentPostprocessing = 0;
		};
/* End PBXSourcesBuildPhase section */

/* Begin PBXTargetDependency section */
		E0DA7C2030066CEF00F6F8A6 /* PBXTargetDependency */ = {
			isa = PBXTargetDependency;
			target = E0DA7C1030066CED00F6F8A6 /* CICDPipelinePOC */;
			targetProxy = E0DA7C1F30066CEF00F6F8A6 /* PBXContainerItemProxy */;
		};
		E0DA7C2A30066CEF00F6F8A6 /* PBXTargetDependency */ = {
			isa = PBXTargetDependency;
			target = E0DA7C1030066CED00F6F8A6 /* CICDPipelinePOC */;
			targetProxy = E0DA7C2930066CEF00F6F8A6 /* PBXContainerItemProxy */;
		};
/* End PBXTargetDependency section */

/* Begin XCBuildConfiguration section */
		E0DA7C3030066CEF00F6F8A6 /* Debug */ = {
			isa = XCBuildConfiguration;
			buildSettings = {
				ALWAYS_SEARCH_USER_PATHS = NO;
				ASSETCATALOG_COMPILER_GENERATE_SWIFT_ASSET_SYMBOL_EXTENSIONS = YES;
				CLANG_ANALYZER_NONNULL = YES;
				CLANG_ANALYZER_NUMBER_OBJECT_CONVERSION = YES_AGGRESSIVE;
				CLANG_CXX_LANGUAGE_STANDARD = "gnu++20";
				CLANG_ENABLE_MODULES = YES;
				CLANG_ENABLE_OBJC_ARC = YES;
				CLANG_ENABLE_OBJC_WEAK = YES;
				CLANG_WARN_BLOCK_CAPTURE_AUTORELEASING = YES;
				CLANG_WARN_BOOL_CONVERSION = YES;
				CLANG_WARN_COMMA = YES;
				CLANG_WARN_CONSTANT_CONVERSION = YES;
				CLANG_WARN_DEPRECATED_OBJC_IMPLEMENTATIONS = YES;
				CLANG_WARN_DIRECT_OBJC_ISA_USAGE = YES_ERROR;
				CLANG_WARN_DOCUMENTATION_COMMENTS = YES;
				CLANG_WARN_EMPTY_BODY = YES;
				CLANG_WARN_ENUM_CONVERSION = YES;
				CLANG_WARN_INFINITE_RECURSION = YES;
				CLANG_WARN_INT_CONVERSION = YES;
				CLANG_WARN_NON_LITERAL_NULL_CONVERSION = YES;
				CLANG_WARN_OBJC_IMPLICIT_RETAIN_SELF = YES;
				CLANG_WARN_OBJC_LITERAL_CONVERSION = YES;
				CLANG_WARN_OBJC_ROOT_CLASS = YES_ERROR;
				CLANG_WARN_QUOTED_INCLUDE_IN_FRAMEWORK_HEADER = YES;
				CLANG_WARN_RANGE_LOOP_ANALYSIS = YES;
				CLANG_WARN_STRICT_PROTOTYPES = YES;
				CLANG_WARN_SUSPICIOUS_MOVE = YES;
				CLANG_WARN_UNGUARDED_AVAILABILITY = YES_AGGRESSIVE;
				CLANG_WARN_UNREACHABLE_CODE = YES;
				CLANG_WARN__DUPLICATE_METHOD_MATCH = YES;
				COPY_PHASE_STRIP = NO;
				DEBUG_INFORMATION_FORMAT = dwarf;
				ENABLE_STRICT_OBJC_MSGSEND = YES;
				ENABLE_TESTABILITY = YES;
				ENABLE_USER_SCRIPT_SANDBOXING = YES;
				GCC_C_LANGUAGE_STANDARD = gnu17;
				GCC_DYNAMIC_NO_PIC = NO;
				GCC_NO_COMMON_BLOCKS = YES;
				GCC_OPTIMIZATION_LEVEL = 0;
				GCC_PREPROCESSOR_DEFINITIONS = (
					"DEBUG=1",
					"$(inherited)",
				);
				GCC_WARN_64_TO_32_BIT_CONVERSION = YES;
				GCC_WARN_ABOUT_RETURN_TYPE = YES_ERROR;
				GCC_WARN_UNDECLARED_SELECTOR = YES;
				GCC_WARN_UNINITIALIZED_AUTOS = YES_AGGRESSIVE;
				GCC_WARN_UNUSED_FUNCTION = YES;
				GCC_WARN_UNUSED_VARIABLE = YES;
				IPHONEOS_DEPLOYMENT_TARGET = 26.5;
				LOCALIZATION_PREFERS_STRING_CATALOGS = YES;
				MTL_ENABLE_DEBUG_INFO = INCLUDE_SOURCE;
				MTL_FAST_MATH = YES;
				ONLY_ACTIVE_ARCH = YES;
				SDKROOT = iphoneos;
				SWIFT_ACTIVE_COMPILATION_CONDITIONS = "DEBUG $(inherited)";
				SWIFT_OPTIMIZATION_LEVEL = "-Onone";
			};
			name = Debug;
		};
		E0DA7C3130066CEF00F6F8A6 /* Release */ = {
			isa = XCBuildConfiguration;
			buildSettings = {
				ALWAYS_SEARCH_USER_PATHS = NO;
				ASSETCATALOG_COMPILER_GENERATE_SWIFT_ASSET_SYMBOL_EXTENSIONS = YES;
				CLANG_ANALYZER_NONNULL = YES;
				CLANG_ANALYZER_NUMBER_OBJECT_CONVERSION = YES_AGGRESSIVE;
				CLANG_CXX_LANGUAGE_STANDARD = "gnu++20";
				CLANG_ENABLE_MODULES = YES;
				CLANG_ENABLE_OBJC_ARC = YES;
				CLANG_ENABLE_OBJC_WEAK = YES;
				CLANG_WARN_BLOCK_CAPTURE_AUTORELEASING = YES;
				CLANG_WARN_BOOL_CONVERSION = YES;
				CLANG_WARN_COMMA = YES;
				CLANG_WARN_CONSTANT_CONVERSION = YES;
				CLANG_WARN_DEPRECATED_OBJC_IMPLEMENTATIONS = YES;
				CLANG_WARN_DIRECT_OBJC_ISA_USAGE = YES_ERROR;
				CLANG_WARN_DOCUMENTATION_COMMENTS = YES;
				CLANG_WARN_EMPTY_BODY = YES;
				CLANG_WARN_ENUM_CONVERSION = YES;
				CLANG_WARN_INFINITE_RECURSION = YES;
				CLANG_WARN_INT_CONVERSION = YES;
				CLANG_WARN_NON_LITERAL_NULL_CONVERSION = YES;
				CLANG_WARN_OBJC_IMPLICIT_RETAIN_SELF = YES;
				CLANG_WARN_OBJC_LITERAL_CONVERSION = YES;
				CLANG_WARN_OBJC_ROOT_CLASS = YES_ERROR;
				CLANG_WARN_QUOTED_INCLUDE_IN_FRAMEWORK_HEADER = YES;
				CLANG_WARN_RANGE_LOOP_ANALYSIS = YES;
				CLANG_WARN_STRICT_PROTOTYPES = YES;
				CLANG_WARN_SUSPICIOUS_MOVE = YES;
				CLANG_WARN_UNGUARDED_AVAILABILITY = YES_AGGRESSIVE;
				CLANG_WARN_UNREACHABLE_CODE = YES;
				CLANG_WARN__DUPLICATE_METHOD_MATCH = YES;
				COPY_PHASE_STRIP = NO;
				DEBUG_INFORMATION_FORMAT = "dwarf-with-dsym";
				ENABLE_NS_ASSERTIONS = NO;
				ENABLE_STRICT_OBJC_MSGSEND = YES;
				ENABLE_USER_SCRIPT_SANDBOXING = YES;
				GCC_C_LANGUAGE_STANDARD = gnu17;
				GCC_NO_COMMON_BLOCKS = YES;
				GCC_WARN_64_TO_32_BIT_CONVERSION = YES;
				GCC_WARN_ABOUT_RETURN_TYPE = YES_ERROR;
				GCC_WARN_UNDECLARED_SELECTOR = YES;
				GCC_WARN_UNINITIALIZED_AUTOS = YES_AGGRESSIVE;
				GCC_WARN_UNUSED_FUNCTION = YES;
				GCC_WARN_UNUSED_VARIABLE = YES;
				IPHONEOS_DEPLOYMENT_TARGET = 26.5;
				LOCALIZATION_PREFERS_STRING_CATALOGS = YES;
				MTL_ENABLE_DEBUG_INFO = NO;
				MTL_FAST_MATH = YES;
				SDKROOT = iphoneos;
				SWIFT_COMPILATION_MODE = wholemodule;
				VALIDATE_PRODUCT = YES;
			};
			name = Release;
		};
		E0DA7C3330066CEF00F6F8A6 /* Debug */ = {
			isa = XCBuildConfiguration;
			buildSettings = {
				ASSETCATALOG_COMPILER_APPICON_NAME = AppIcon;
				ASSETCATALOG_COMPILER_GLOBAL_ACCENT_COLOR_NAME = AccentColor;
				CODE_SIGN_STYLE = Automatic;
				CURRENT_PROJECT_VERSION = 1;
				ENABLE_PREVIEWS = YES;
				GENERATE_INFOPLIST_FILE = YES;
				INFOPLIST_KEY_UIApplicationSceneManifest_Generation = YES;
				INFOPLIST_KEY_UIApplicationSupportsIndirectInputEvents = YES;
				INFOPLIST_KEY_UILaunchScreen_Generation = YES;
				INFOPLIST_KEY_UISupportedInterfaceOrientations_iPad = "UIInterfaceOrientationPortrait UIInterfaceOrientationPortraitUpsideDown UIInterfaceOrientationLandscapeLeft UIInterfaceOrientationLandscapeRight";
				INFOPLIST_KEY_UISupportedInterfaceOrientations_iPhone = "UIInterfaceOrientationPortrait UIInterfaceOrientationLandscapeLeft UIInterfaceOrientationLandscapeRight";
				LD_RUNPATH_SEARCH_PATHS = (
					"$(inherited)",
					"@executable_path/Frameworks",
				);
				MARKETING_VERSION = 1.0;
				PRODUCT_BUNDLE_IDENTIFIER = com.lamtalaa.CICDPipelinePOC;
				PRODUCT_NAME = "$(TARGET_NAME)";
				STRING_CATALOG_GENERATE_SYMBOLS = YES;
				SWIFT_APPROACHABLE_CONCURRENCY = YES;
				SWIFT_DEFAULT_ACTOR_ISOLATION = MainActor;
				SWIFT_EMIT_LOC_STRINGS = YES;
				SWIFT_UPCOMING_FEATURE_MEMBER_IMPORT_VISIBILITY = YES;
				SWIFT_VERSION = 5.0;
				TARGETED_DEVICE_FAMILY = "1,2";
			};
			name = Debug;
		};
		E0DA7C3430066CEF00F6F8A6 /* Release */ = {
			isa = XCBuildConfiguration;
			buildSettings = {
				ASSETCATALOG_COMPILER_APPICON_NAME = AppIcon;
				ASSETCATALOG_COMPILER_GLOBAL_ACCENT_COLOR_NAME = AccentColor;
				CODE_SIGN_STYLE = Automatic;
				CURRENT_PROJECT_VERSION = 1;
				ENABLE_PREVIEWS = YES;
				GENERATE_INFOPLIST_FILE = YES;
				INFOPLIST_KEY_UIApplicationSceneManifest_Generation = YES;
				INFOPLIST_KEY_UIApplicationSupportsIndirectInputEvents = YES;
				INFOPLIST_KEY_UILaunchScreen_Generation = YES;
				INFOPLIST_KEY_UISupportedInterfaceOrientations_iPad = "UIInterfaceOrientationPortrait UIInterfaceOrientationPortraitUpsideDown UIInterfaceOrientationLandscapeLeft UIInterfaceOrientationLandscapeRight";
				INFOPLIST_KEY_UISupportedInterfaceOrientations_iPhone = "UIInterfaceOrientationPortrait UIInterfaceOrientationLandscapeLeft UIInterfaceOrientationLandscapeRight";
				LD_RUNPATH_SEARCH_PATHS = (
					"$(inherited)",
					"@executable_path/Frameworks",
				);
				MARKETING_VERSION = 1.0;
				PRODUCT_BUNDLE_IDENTIFIER = com.lamtalaa.CICDPipelinePOC;
				PRODUCT_NAME = "$(TARGET_NAME)";
				STRING_CATALOG_GENERATE_SYMBOLS = YES;
				SWIFT_APPROACHABLE_CONCURRENCY = YES;
				SWIFT_DEFAULT_ACTOR_ISOLATION = MainActor;
				SWIFT_EMIT_LOC_STRINGS = YES;
				SWIFT_UPCOMING_FEATURE_MEMBER_IMPORT_VISIBILITY = YES;
				SWIFT_VERSION = 5.0;
				TARGETED_DEVICE_FAMILY = "1,2";
			};
			name = Release;
		};
		E0DA7C3630066CEF00F6F8A6 /* Debug */ = {
			isa = XCBuildConfiguration;
			buildSettings = {
				BUNDLE_LOADER = "$(TEST_HOST)";
				CODE_SIGN_STYLE = Automatic;
				CURRENT_PROJECT_VERSION = 1;
				GENERATE_INFOPLIST_FILE = YES;
				IPHONEOS_DEPLOYMENT_TARGET = 26.5;
				MARKETING_VERSION = 1.0;
				PRODUCT_BUNDLE_IDENTIFIER = com.lamtalaa.CICDPipelinePOCTests;
				PRODUCT_NAME = "$(TARGET_NAME)";
				STRING_CATALOG_GENERATE_SYMBOLS = NO;
				SWIFT_APPROACHABLE_CONCURRENCY = YES;
				SWIFT_EMIT_LOC_STRINGS = NO;
				SWIFT_UPCOMING_FEATURE_MEMBER_IMPORT_VISIBILITY = YES;
				SWIFT_VERSION = 5.0;
				TARGETED_DEVICE_FAMILY = "1,2";
				TEST_HOST = "$(BUILT_PRODUCTS_DIR)/CICDPipelinePOC.app/$(BUNDLE_EXECUTABLE_FOLDER_PATH)/CICDPipelinePOC";
			};
			name = Debug;
		};
		E0DA7C3730066CEF00F6F8A6 /* Release */ = {
			isa = XCBuildConfiguration;
			buildSettings = {
				BUNDLE_LOADER = "$(TEST_HOST)";
				CODE_SIGN_STYLE = Automatic;
				CURRENT_PROJECT_VERSION = 1;
				GENERATE_INFOPLIST_FILE = YES;
				IPHONEOS_DEPLOYMENT_TARGET = 26.5;
				MARKETING_VERSION = 1.0;
				PRODUCT_BUNDLE_IDENTIFIER = com.lamtalaa.CICDPipelinePOCTests;
				PRODUCT_NAME = "$(TARGET_NAME)";
				STRING_CATALOG_GENERATE_SYMBOLS = NO;
				SWIFT_APPROACHABLE_CONCURRENCY = YES;
				SWIFT_EMIT_LOC_STRINGS = NO;
				SWIFT_UPCOMING_FEATURE_MEMBER_IMPORT_VISIBILITY = YES;
				SWIFT_VERSION = 5.0;
				TARGETED_DEVICE_FAMILY = "1,2";
				TEST_HOST = "$(BUILT_PRODUCTS_DIR)/CICDPipelinePOC.app/$(BUNDLE_EXECUTABLE_FOLDER_PATH)/CICDPipelinePOC";
			};
			name = Release;
		};
		E0DA7C3930066CEF00F6F8A6 /* Debug */ = {
			isa = XCBuildConfiguration;
			buildSettings = {
				CODE_SIGN_STYLE = Automatic;
				CURRENT_PROJECT_VERSION = 1;
				GENERATE_INFOPLIST_FILE = YES;
				MARKETING_VERSION = 1.0;
				PRODUCT_BUNDLE_IDENTIFIER = com.lamtalaa.CICDPipelinePOCUITests;
				PRODUCT_NAME = "$(TARGET_NAME)";
				STRING_CATALOG_GENERATE_SYMBOLS = NO;
				SWIFT_APPROACHABLE_CONCURRENCY = YES;
				SWIFT_EMIT_LOC_STRINGS = NO;
				SWIFT_UPCOMING_FEATURE_MEMBER_IMPORT_VISIBILITY = YES;
				SWIFT_VERSION = 5.0;
				TARGETED_DEVICE_FAMILY = "1,2";
				TEST_TARGET_NAME = CICDPipelinePOC;
			};
			name = Debug;
		};
		E0DA7C3A30066CEF00F6F8A6 /* Release */ = {
			isa = XCBuildConfiguration;
			buildSettings = {
				CODE_SIGN_STYLE = Automatic;
				CURRENT_PROJECT_VERSION = 1;
				GENERATE_INFOPLIST_FILE = YES;
				MARKETING_VERSION = 1.0;
				PRODUCT_BUNDLE_IDENTIFIER = com.lamtalaa.CICDPipelinePOCUITests;
				PRODUCT_NAME = "$(TARGET_NAME)";
				STRING_CATALOG_GENERATE_SYMBOLS = NO;
				SWIFT_APPROACHABLE_CONCURRENCY = YES;
				SWIFT_EMIT_LOC_STRINGS = NO;
				SWIFT_UPCOMING_FEATURE_MEMBER_IMPORT_VISIBILITY = YES;
				SWIFT_VERSION = 5.0;
				TARGETED_DEVICE_FAMILY = "1,2";
				TEST_TARGET_NAME = CICDPipelinePOC;
			};
			name = Release;
		};
/* End XCBuildConfiguration section */

/* Begin XCConfigurationList section */
		E0DA7C0C30066CED00F6F8A6 /* Build configuration list for PBXProject "CICDPipelinePOC" */ = {
			isa = XCConfigurationList;
			buildConfigurations = (
				E0DA7C3030066CEF00F6F8A6 /* Debug */,
				E0DA7C3130066CEF00F6F8A6 /* Release */,
			);
			defaultConfigurationIsVisible = 0;
			defaultConfigurationName = Release;
		};
		E0DA7C3230066CEF00F6F8A6 /* Build configuration list for PBXNativeTarget "CICDPipelinePOC" */ = {
			isa = XCConfigurationList;
			buildConfigurations = (
				E0DA7C3330066CEF00F6F8A6 /* Debug */,
				E0DA7C3430066CEF00F6F8A6 /* Release */,
			);
			defaultConfigurationIsVisible = 0;
			defaultConfigurationName = Release;
		};
		E0DA7C3530066CEF00F6F8A6 /* Build configuration list for PBXNativeTarget "CICDPipelinePOCTests" */ = {
			isa = XCConfigurationList;
			buildConfigurations = (
				E0DA7C3630066CEF00F6F8A6 /* Debug */,
				E0DA7C3730066CEF00F6F8A6 /* Release */,
			);
			defaultConfigurationIsVisible = 0;
			defaultConfigurationName = Release;
		};
		E0DA7C3830066CEF00F6F8A6 /* Build configuration list for PBXNativeTarget "CICDPipelinePOCUITests" */ = {
			isa = XCConfigurationList;
			buildConfigurations = (
				E0DA7C3930066CEF00F6F8A6 /* Debug */,
				E0DA7C3A30066CEF00F6F8A6 /* Release */,
			);
			defaultConfigurationIsVisible = 0;
			defaultConfigurationName = Release;
		};
/* End XCConfigurationList section */
	};
	rootObject = E0DA7C0930066CED00F6F8A6 /* Project object */;
}
